
Microsoft Visual Studio Solution File, Format Version 12.00
# Visual Studio Version 17
VisualStudioVersion = 17.0.31903.59
MinimumVisualStudioVersion = 10.0.40219.1
Project("{2150E333-8FDC-42A3-9474-1A3956D46DE8}") = "03-dotnet-chat", "03-dotnet-chat", "{433B7825-C89E-CA93-0658-A50DE5766CC6}"
EndProject
Project("{FAE04EC0-301F-11D3-BF4B-00C04F79EFBC}") = "DmrChat", "03-dotnet-chat\DmrChat.csproj", "{ECF15CE7-5807-46A1-8D6F-D30D2EF29940}"
EndProject
Project("{2150E333-8FDC-42A3-9474-1A3956D46DE8}") = "04-compose", "04-compose", "{8AC9E3FC-9BF3-2EF8-1BA0-0D32CB6EEB1D}"
EndProject
Project("{2150E333-8FDC-42A3-9474-1A3956D46DE8}") = "app", "app", "{AC826967-5782-F56D-EB7B-EF2473A383D9}"
EndProject
Project("{FAE04EC0-301F-11D3-BF4B-00C04F79EFBC}") = "DmrComposeApi", "04-compose\app\DmrComposeApi.csproj", "{B443F82C-5EBA-4943-8F14-079A372012BD}"
EndProject
Project("{2150E333-8FDC-42A3-9474-1A3956D46DE8}") = "05-blazor-chat", "05-blazor-chat", "{00461AAB-1AC6-AA37-51B3-25D94F8AB4D4}"
EndProject
Project("{FAE04EC0-301F-11D3-BF4B-00C04F79EFBC}") = "BlazorChat", "05-blazor-chat\BlazorChat.csproj", "{2A75F981-9706-44CD-A483-27B19C14BAD4}"
EndProject
Project("{2150E333-8FDC-42A3-9474-1A3956D46DE8}") = "tests", "tests", "{0AB3BF05-4346-4AA6-1389-037BE0695223}"
EndProject
Project("{FAE04EC0-301F-11D3-BF4B-00C04F79EFBC}") = "Chat.Tests", "tests\Chat.Tests\Chat.Tests.csproj", "{8F6A259C-29F8-49B1-811C-3589BC809442}"
EndProject
Global
	GlobalSection(SolutionConfigurationPlatforms) = preSolution
		Debug|Any CPU = Debug|Any CPU
		Debug|x64 = Debug|x64
		Debug|x86 = Debug|x86
		Release|Any CPU = Release|Any CPU
		Release|x64 = Release|x64
		Release|x86 = Release|x86
	EndGlobalSection
	GlobalSection(ProjectConfigurationPlatforms) = postSolution
		{ECF15CE7-5807-46A1-8D6F-D30D2EF29940}.Debug|Any CPU.ActiveCfg = Debug|Any CPU
		{ECF15CE7-5807-46A1-8D6F-D30D2EF29940}.Debug|Any CPU.Build.0 = Debug|Any CPU
		{ECF15CE7-5807-46A1-8D6F-D30D2EF29940}.Debug|x64.ActiveCfg = Debug|Any CPU
		{ECF15CE7-5807-46A1-8D6F-D30D2EF29940}.Debug|x64.Build.0 = Debug|Any CPU
		{ECF15CE7-5807-46A1-8D6F-D30D2EF29940}.Debug|x86.ActiveCfg = Debug|Any CPU
		{ECF15CE7-5807-46A1-8D6F-D30D2EF29940}.Debug|x86.Build.0 = Debug|Any CPU
		{ECF15CE7-5807-46A1-8D6F-D30D2EF29940}.Release|Any CPU.ActiveCfg = Release|Any CPU
		{ECF15CE7-5807-46A1-8D6F-D30D2EF29940}.Release|Any CPU.Build.0 = Release|Any CPU
		{ECF15CE7-5807-46A1-8D6F-D30D2EF29940}.Release|x64.ActiveCfg = Release|Any CPU
		{ECF15CE7-5807-46A1-8D6F-D30D2EF29940}.Release|x64.Build.0 = Release|Any CPU
		{ECF15CE7-5807-46A1-8D6F-D30D2EF29940}.Release|x86.ActiveCfg = Release|Any CPU
		{ECF15CE7-5807-46A1-8D6F-D30D2EF29940}.Release|x86.Build.0 = Release|Any CPU
		{B443F82C-5EBA-4943-8F14-079A372012BD}.Debug|Any CPU.ActiveCfg = Debug|Any CPU
		{B443F82C-5EBA-4943-8F14-079A372012BD}.Debug|Any CPU.Build.0 = Debug|Any CPU
		{B443F82C-5EBA-4943-8F14-079A372012BD}.Debug|x64.ActiveCfg = Debug|Any CPU
		{B443F82C-5EBA-4943-8F14-079A372012BD}.Debug|x64.Build.0 = Debug|Any CPU
		{B443F82C-5EBA-4943-8F14-079A372012BD}.Debug|x86.ActiveCfg = Debug|Any CPU
		{B443F82C-5EBA-4943-8F14-079A372012BD}.Debug|x86.Build.0 = Debug|Any CPU
		{B443F82C-5EBA-4943-8F14-079A372012BD}.Release|Any CPU.ActiveCfg = Release|Any CPU
		{B443F82C-5EBA-4943-8F14-079A372012BD}.Release|Any CPU.Build.0 = Release|Any CPU
		{B443F82C-5EBA-4943-8F14-079A372012BD}.Release|x64.ActiveCfg = Release|Any CPU
		{B443F82C-5EBA-4943-8F14-079A372012BD}.Release|x64.Build.0 = Release|Any CPU
		{B443F82C-5EBA-4943-8F14-079A372012BD}.Release|x86.ActiveCfg = Release|Any CPU
		{B443F82C-5EBA-4943-8F14-079A372012BD}.Release|x86.Build.0 = Release|Any CPU
		{2A75F981-9706-44CD-A483-27B19C14BAD4}.Debug|Any CPU.ActiveCfg = Debug|Any CPU
		{2A75F981-9706-44CD-A483-27B19C14BAD4}.Debug|Any CPU.Build.0 = Debug|Any CPU
		{2A75F981-9706-44CD-A483-27B19C14BAD4}.Debug|x64.ActiveCfg = Debug|Any CPU
		{2A75F981-9706-44CD-A483-27B19C14BAD4}.Debug|x64.Build.0 = Debug|Any CPU
		{2A75F981-9706-44CD-A483-27B19C14BAD4}.Debug|x86.ActiveCfg = Debug|Any CPU
		{2A75F981-9706-44CD-A483-27B19C14BAD4}.Debug|x86.Build.0 = Debug|Any CPU
		{2A75F981-9706-44CD-A483-27B19C14BAD4}.Release|Any CPU.ActiveCfg = Release|Any CPU
		{2A75F981-9706-44CD-A483-27B19C14BAD4}.Release|Any CPU.Build.0 = Release|Any CPU
		{2A75F981-9706-44CD-A483-27B19C14BAD4}.Release|x64.ActiveCfg = Release|Any CPU
		{2A75F981-9706-44CD-A483-27B19C14BAD4}.Release|x64.Build.0 = Release|Any CPU
		{2A75F981-9706-44CD-A483-27B19C14BAD4}.Release|x86.ActiveCfg = Release|Any CPU
		{2A75F981-9706-44CD-A483-27B19C14BAD4}.Release|x86.Build.0 = Release|Any CPU
		{8F6A259C-29F8-49B1-811C-3589BC809442}.Debug|Any CPU.ActiveCfg = Debug|Any CPU
		{8F6A259C-29F8-49B1-811C-3589BC809442}.Debug|Any CPU.Build.0 = Debug|Any CPU
		{8F6A259C-29F8-49B1-811C-3589BC809442}.Debug|x64.ActiveCfg = Debug|Any CPU
		{8F6A259C-29F8-49B1-811C-3589BC809442}.Debug|x64.Build.0 = Debug|Any CPU
		{8F6A259C-29F8-49B1-811C-3589BC809442}.Debug|x86.ActiveCfg = Debug|Any CPU
		{8F6A259C-29F8-49B1-811C-3589BC809442}.Debug|x86.Build.0 = Debug|Any CPU
		{8F6A259C-29F8-49B1-811C-3589BC809442}.Release|Any CPU.ActiveCfg = Release|Any CPU
		{8F6A259C-29F8-49B1-811C-3589BC809442}.Release|Any CPU.Build.0 = Release|Any CPU
		{8F6A259C-29F8-49B1-811C-3589BC809442}.Release|x64.ActiveCfg = Release|Any CPU
		{8F6A259C-29F8-49B1-811C-3589BC809442}.Release|x64.Build.0 = Release|Any CPU
		{8F6A259C-29F8-49B1-811C-3589BC809442}.Release|x86.ActiveCfg = Release|Any CPU
		{8F6A259C-29F8-49B1-811C-3589BC809442}.Release|x86.Build.0 = Release|Any CPU
	EndGlobalSection
	GlobalSection(SolutionProperties) = preSolution
		HideSolutionNode = FALSE
	EndGlobalSection
	GlobalSection(NestedProjects) = preSolution
		{ECF15CE7-5807-46A1-8D6F-D30D2EF29940} = {433B7825-C89E-CA93-0658-A50DE5766CC6}
		{AC826967-5782-F56D-EB7B-EF2473A383D9} = {8AC9E3FC-9BF3-2EF8-1BA0-0D32CB6EEB1D}
		{B443F82C-5EBA-4943-8F14-079A372012BD} = {AC826967-5782-F56D-EB7B-EF2473A383D9}
		{2A75F981-9706-44CD-A483-27B19C14BAD4} = {00461AAB-1AC6-AA37-51B3-25D94F8AB4D4}
		{8F6A259C-29F8-49B1-811C-3589BC809442} = {0AB3BF05-4346-4AA6-1389-037BE0695223}
	EndGlobalSection
EndGlobal
